
Microsoft Visual Studio Solution File, Format Version 12.00
# Visual Studio Version 16
VisualStudioVersion = 16.0.30611.23
MinimumVisualStudioVersion = 10.0.40219.1
Project("{9A19103F-16F7-4668-BE54-9A1E7A4F7556}") = "IoTApp", "MQTTClientApp\IoTApp\IoTApp.csproj", "{646DD40E-0080-458F-A6E5-9EC960BAE2E2}"
EndProject
Global
	GlobalSection(SolutionConfigurationPlatforms) = preSolution
		Debug|Any CPU = Debug|Any CPU
		Release|Any CPU = Release|Any CPU
	EndGlobalSection
	GlobalSection(ProjectConfigurationPlatforms) = postSolution
		{646DD40E-0080-458F-A6E5-9EC960BAE2E2}.Debug|Any CPU.ActiveCfg = Release|Any CPU
		{646DD40E-0080-458F-A6E5-9EC960BAE2E2}.Debug|Any CPU.Build.0 = Release|Any CPU
		{646DD40E-0080-458F-A6E5-9EC960BAE2E2}.Release|Any CPU.ActiveCfg = Release|Any CPU
		{646DD40E-0080-458F-A6E5-9EC960BAE2E2}.Release|Any CPU.Build.0 = Release|Any CPU
	EndGlobalSection
	GlobalSection(SolutionProperties) = preSolution
		HideSolutionNode = FALSE
	EndGlobalSection
	GlobalSection(ExtensibilityGlobals) = postSolution
		SolutionGuid = {56DC9F35-8A16-4B4F-9F30-49758D2424EA}
	EndGlobalSection
EndGlobal
